Microsoft Visual Studio Solution File, Format Version 12.00
# Visual Studio 14
VisualStudioVersion = 14.0.23107.0
MinimumVisualStudioVersion = 10.0.40219.1
Project("{FAE04EC0-301F-11D3-BF4B-00C04F79EFBC}") = "LinusForumTips.W10", "LinusForumTips.W10\LinusForumTips.W10.csproj", "{FC09F4CD-7811-4166-B818-E4D42BE1412E}"
EndProject
Global
	GlobalSection(SolutionConfigurationPlatforms) = preSolution
		Debug|ARM = Debug|ARM
		Debug|x64 = Debug|x64
		Debug|x86 = Debug|x86
		Release|ARM = Release|ARM
		Release|x64 = Release|x64
		Release|x86 = Release|x86
	EndGlobalSection
	GlobalSection(ProjectConfigurationPlatforms) = postSolution
		{FC09F4CD-7811-4166-B818-E4D42BE1412E}.Debug|ARM.ActiveCfg = Debug|ARM
		{FC09F4CD-7811-4166-B818-E4D42BE1412E}.Debug|ARM.Build.0 = Debug|ARM
		{FC09F4CD-7811-4166-B818-E4D42BE1412E}.Debug|ARM.Deploy.0 = Debug|ARM
		{FC09F4CD-7811-4166-B818-E4D42BE1412E}.Debug|x64.ActiveCfg = Debug|x64
		{FC09F4CD-7811-4166-B818-E4D42BE1412E}.Debug|x64.Build.0 = Debug|x64
		{FC09F4CD-7811-4166-B818-E4D42BE1412E}.Debug|x64.Deploy.0 = Debug|x64
		{FC09F4CD-7811-4166-B818-E4D42BE1412E}.Debug|x86.ActiveCfg = Debug|x86
		{FC09F4CD-7811-4166-B818-E4D42BE1412E}.Debug|x86.Build.0 = Debug|x86
		{FC09F4CD-7811-4166-B818-E4D42BE1412E}.Debug|x86.Deploy.0 = Debug|x86
		{FC09F4CD-7811-4166-B818-E4D42BE1412E}.Release|Any CPU.ActiveCfg = Release|x86
		{FC09F4CD-7811-4166-B818-E4D42BE1412E}.Release|Any CPU.Build.0 = Release|x86
		{FC09F4CD-7811-4166-B818-E4D42BE1412E}.Release|Any CPU.Deploy.0 = Release|x86
		{FC09F4CD-7811-4166-B818-E4D42BE1412E}.Release|ARM.ActiveCfg = Release|ARM
		{FC09F4CD-7811-4166-B818-E4D42BE1412E}.Release|ARM.Build.0 = Release|ARM
		{FC09F4CD-7811-4166-B818-E4D42BE1412E}.Release|ARM.Deploy.0 = Release|ARM
		{FC09F4CD-7811-4166-B818-E4D42BE1412E}.Release|x64.ActiveCfg = Release|x64
		{FC09F4CD-7811-4166-B818-E4D42BE1412E}.Release|x64.Build.0 = Release|x64
		{FC09F4CD-7811-4166-B818-E4D42BE1412E}.Release|x64.Deploy.0 = Release|x64
		{FC09F4CD-7811-4166-B818-E4D42BE1412E}.Release|x86.ActiveCfg = Release|x86
		{FC09F4CD-7811-4166-B818-E4D42BE1412E}.Release|x86.Build.0 = Release|x86
		{FC09F4CD-7811-4166-B818-E4D42BE1412E}.Release|x86.Deploy.0 = Release|x86
	EndGlobalSection
	GlobalSection(SolutionProperties) = preSolution
		HideSolutionNode = FALSE
	EndGlobalSection
EndGlobal
